
Microsoft Visual Studio Solution File, Format Version 12.00
# Visual Studio 15
VisualStudioVersion = 15.0.27703.2000
MinimumVisualStudioVersion = 10.0.40219.1
Project("{9A19103F-16F7-4668-BE54-9A1E7A4F7556}") = "MiniDDD", "MiniDDD\MiniDDD.csproj", "{EA8881A8-DC91-4100-B95E-4044C2A27AC9}"
EndProject
Project("{9A19103F-16F7-4668-BE54-9A1E7A4F7556}") = "MiniDDD.UnitOfWork.EF", "MiniDDD.EF\MiniDDD.UnitOfWork.EF.csproj", "{831FA560-D0A3-467B-9CD9-9C8A9D9D686D}"
EndProject
Project("{9A19103F-16F7-4668-BE54-9A1E7A4F7556}") = "MiniDDD.UnitOfWork.SqlSugar", "MiniDDD.SqlSugar\MiniDDD.UnitOfWork.SqlSugar.csproj", "{01AB4D88-8E15-40FF-8E0D-D67B83019B05}"
EndProject
Project("{2150E333-8FDC-42A3-9474-1A3956D46DE8}") = "Sample", "Sample", "{E290F10E-9D6B-4D52-B4A5-D52A21E10CF2}"
EndProject
Project("{2150E333-8FDC-42A3-9474-1A3956D46DE8}") = "CQRS", "CQRS", "{85891912-0A01-431F-AFF0-EFC3A83A5341}"
EndProject
Project("{2150E333-8FDC-42A3-9474-1A3956D46DE8}") = "Simple", "Simple", "{7BA76CD2-3FAB-40DD-AB85-4ADB58229AD6}"
EndProject
Project("{9A19103F-16F7-4668-BE54-9A1E7A4F7556}") = "CQRS.Domain", "Sample\CQRS\Domain\CQRS.Domain.csproj", "{4196DF05-A3EC-40BF-9A99-BAF9A80EB3B3}"
EndProject
Project("{9A19103F-16F7-4668-BE54-9A1E7A4F7556}") = "CQRS.IServices", "Sample\CQRS\IServices\CQRS.IServices.csproj", "{F0ED25F4-8B94-4231-A1C8-6797CAD38D28}"
EndProject
Project("{9A19103F-16F7-4668-BE54-9A1E7A4F7556}") = "CQRS.Services", "Sample\CQRS\Services\CQRS.Services.csproj", "{20D0D858-69BD-4C1F-BB1D-F7CC9F0822DC}"
EndProject
Project("{9A19103F-16F7-4668-BE54-9A1E7A4F7556}") = "CQRS.Server", "Sample\CQRS\ConAppServer\CQRS.Server.csproj", "{2F382331-10C7-41CB-A2B8-89C3B4687DD0}"
EndProject
Project("{9A19103F-16F7-4668-BE54-9A1E7A4F7556}") = "Simple.Domain", "Sample\Simple\Domain\Simple.Domain.csproj", "{8A26A89D-D366-4D4A-AC84-1DBB58FCF711}"
EndProject
Project("{9A19103F-16F7-4668-BE54-9A1E7A4F7556}") = "Simple.IServices", "Sample\Simple\IServices\Simple.IServices.csproj", "{4439B192-C6FA-4AB4-9564-E724DEC10B1C}"
EndProject
Project("{9A19103F-16F7-4668-BE54-9A1E7A4F7556}") = "Simple.Services", "Sample\Simple\Services\Simple.Services.csproj", "{42672CF2-3D8C-43A4-8999-2D87A9CEBDE7}"
EndProject
Project("{9A19103F-16F7-4668-BE54-9A1E7A4F7556}") = "Simple.Server", "Sample\Simple\Server\Simple.Server.csproj", "{B6E59CBF-63BE-4982-842D-17C63BEC1CF2}"
EndProject
Project("{2150E333-8FDC-42A3-9474-1A3956D46DE8}") = "Infrastruction", "Infrastruction", "{5F697C44-8BAC-4204-9D93-3AEC84278B52}"
EndProject
Project("{9A19103F-16F7-4668-BE54-9A1E7A4F7556}") = "Simple.Model", "Sample\Simple\Infrastruction\Model\Simple.Model.csproj", "{193D44FE-70EA-4F84-BAB3-38E85439389F}"
EndProject
Project("{9A19103F-16F7-4668-BE54-9A1E7A4F7556}") = "Simple.Repository.EF", "Sample\Simple\Infrastruction\Repository\EF\Simple.Repository.EF.csproj", "{1C582EC4-FB22-441D-BD70-893C95EB2259}"
EndProject
Project("{9A19103F-16F7-4668-BE54-9A1E7A4F7556}") = "Simple.Repository.SqlSugar", "Sample\Simple\Infrastruction\Repository\SqlSugar\Simple.Repository.SqlSugar.csproj", "{9A32AB6C-716A-4E0F-B5AE-1A2C68A27669}"
EndProject
Project("{9A19103F-16F7-4668-BE54-9A1E7A4F7556}") = "ApiGateway", "Sample\ApiGateway\ApiGateway.csproj", "{1E71962B-16C7-487A-BED3-0AA01344E0BF}"
EndProject
Global
	GlobalSection(SolutionConfigurationPlatforms) = preSolution
		Debug|Any CPU = Debug|Any CPU
		Release|Any CPU = Release|Any CPU
	EndGlobalSection
	GlobalSection(ProjectConfigurationPlatforms) = postSolution
		{EA8881A8-DC91-4100-B95E-4044C2A27AC9}.Debug|Any CPU.ActiveCfg = Debug|Any CPU
		{EA8881A8-DC91-4100-B95E-4044C2A27AC9}.Debug|Any CPU.Build.0 = Debug|Any CPU
		{EA8881A8-DC91-4100-B95E-4044C2A27AC9}.Release|Any CPU.ActiveCfg = Release|Any CPU
		{EA8881A8-DC91-4100-B95E-4044C2A27AC9}.Release|Any CPU.Build.0 = Release|Any CPU
		{831FA560-D0A3-467B-9CD9-9C8A9D9D686D}.Debug|Any CPU.ActiveCfg = Debug|Any CPU
		{831FA560-D0A3-467B-9CD9-9C8A9D9D686D}.Debug|Any CPU.Build.0 = Debug|Any CPU
		{831FA560-D0A3-467B-9CD9-9C8A9D9D686D}.Release|Any CPU.ActiveCfg = Release|Any CPU
		{831FA560-D0A3-467B-9CD9-9C8A9D9D686D}.Release|Any CPU.Build.0 = Release|Any CPU
		{01AB4D88-8E15-40FF-8E0D-D67B83019B05}.Debug|Any CPU.ActiveCfg = Debug|Any CPU
		{01AB4D88-8E15-40FF-8E0D-D67B83019B05}.Debug|Any CPU.Build.0 = Debug|Any CPU
		{01AB4D88-8E15-40FF-8E0D-D67B83019B05}.Release|Any CPU.ActiveCfg = Release|Any CPU
		{01AB4D88-8E15-40FF-8E0D-D67B83019B05}.Release|Any CPU.Build.0 = Release|Any CPU
		{4196DF05-A3EC-40BF-9A99-BAF9A80EB3B3}.Debug|Any CPU.ActiveCfg = Debug|Any CPU
		{4196DF05-A3EC-40BF-9A99-BAF9A80EB3B3}.Debug|Any CPU.Build.0 = Debug|Any CPU
		{4196DF05-A3EC-40BF-9A99-BAF9A80EB3B3}.Release|Any CPU.ActiveCfg = Release|Any CPU
		{4196DF05-A3EC-40BF-9A99-BAF9A80EB3B3}.Release|Any CPU.Build.0 = Release|Any CPU
		{F0ED25F4-8B94-4231-A1C8-6797CAD38D28}.Debug|Any CPU.ActiveCfg = Debug|Any CPU
		{F0ED25F4-8B94-4231-A1C8-6797CAD38D28}.Debug|Any CPU.Build.0 = Debug|Any CPU
		{F0ED25F4-8B94-4231-A1C8-6797CAD38D28}.Release|Any CPU.ActiveCfg = Release|Any CPU
		{F0ED25F4-8B94-4231-A1C8-6797CAD38D28}.Release|Any CPU.Build.0 = Release|Any CPU
		{20D0D858-69BD-4C1F-BB1D-F7CC9F0822DC}.Debug|Any CPU.ActiveCfg = Debug|Any CPU
		{20D0D858-69BD-4C1F-BB1D-F7CC9F0822DC}.Debug|Any CPU.Build.0 = Debug|Any CPU
		{20D0D858-69BD-4C1F-BB1D-F7CC9F0822DC}.Release|Any CPU.ActiveCfg = Release|Any CPU
		{20D0D858-69BD-4C1F-BB1D-F7CC9F0822DC}.Release|Any CPU.Build.0 = Release|Any CPU
		{2F382331-10C7-41CB-A2B8-89C3B4687DD0}.Debug|Any CPU.ActiveCfg = Debug|Any CPU
		{2F382331-10C7-41CB-A2B8-89C3B4687DD0}.Debug|Any CPU.Build.0 = Debug|Any CPU
		{2F382331-10C7-41CB-A2B8-89C3B4687DD0}.Release|Any CPU.ActiveCfg = Release|Any CPU
		{2F382331-10C7-41CB-A2B8-89C3B4687DD0}.Release|Any CPU.Build.0 = Release|Any CPU
		{8A26A89D-D366-4D4A-AC84-1DBB58FCF711}.Debug|Any CPU.ActiveCfg = Debug|Any CPU
		{8A26A89D-D366-4D4A-AC84-1DBB58FCF711}.Debug|Any CPU.Build.0 = Debug|Any CPU
		{8A26A89D-D366-4D4A-AC84-1DBB58FCF711}.Release|Any CPU.ActiveCfg = Release|Any CPU
		{8A26A89D-D366-4D4A-AC84-1DBB58FCF711}.Release|Any CPU.Build.0 = Release|Any CPU
		{4439B192-C6FA-4AB4-9564-E724DEC10B1C}.Debug|Any CPU.ActiveCfg = Debug|Any CPU
		{4439B192-C6FA-4AB4-9564-E724DEC10B1C}.Debug|Any CPU.Build.0 = Debug|Any CPU
		{4439B192-C6FA-4AB4-9564-E724DEC10B1C}.Release|Any CPU.ActiveCfg = Release|Any CPU
		{4439B192-C6FA-4AB4-9564-E724DEC10B1C}.Release|Any CPU.Build.0 = Release|Any CPU
		{42672CF2-3D8C-43A4-8999-2D87A9CEBDE7}.Debug|Any CPU.ActiveCfg = Debug|Any CPU
		{42672CF2-3D8C-43A4-8999-2D87A9CEBDE7}.Debug|Any CPU.Build.0 = Debug|Any CPU
		{42672CF2-3D8C-43A4-8999-2D87A9CEBDE7}.Release|Any CPU.ActiveCfg = Release|Any CPU
		{42672CF2-3D8C-43A4-8999-2D87A9CEBDE7}.Release|Any CPU.Build.0 = Release|Any CPU
		{B6E59CBF-63BE-4982-842D-17C63BEC1CF2}.Debug|Any CPU.ActiveCfg = Debug|Any CPU
		{B6E59CBF-63BE-4982-842D-17C63BEC1CF2}.Debug|Any CPU.Build.0 = Debug|Any CPU
		{B6E59CBF-63BE-4982-842D-17C63BEC1CF2}.Release|Any CPU.ActiveCfg = Release|Any CPU
		{B6E59CBF-63BE-4982-842D-17C63BEC1CF2}.Release|Any CPU.Build.0 = Release|Any CPU
		{193D44FE-70EA-4F84-BAB3-38E85439389F}.Debug|Any CPU.ActiveCfg = Debug|Any CPU
		{193D44FE-70EA-4F84-BAB3-38E85439389F}.Debug|Any CPU.Build.0 = Debug|Any CPU
		{193D44FE-70EA-4F84-BAB3-38E85439389F}.Release|Any CPU.ActiveCfg = Release|Any CPU
		{193D44FE-70EA-4F84-BAB3-38E85439389F}.Release|Any CPU.Build.0 = Release|Any CPU
		{1C582EC4-FB22-441D-BD70-893C95EB2259}.Debug|Any CPU.ActiveCfg = Debug|Any CPU
		{1C582EC4-FB22-441D-BD70-893C95EB2259}.Debug|Any CPU.Build.0 = Debug|Any CPU
		{1C582EC4-FB22-441D-BD70-893C95EB2259}.Release|Any CPU.ActiveCfg = Release|Any CPU
		{1C582EC4-FB22-441D-BD70-893C95EB2259}.Release|Any CPU.Build.0 = Release|Any CPU
		{9A32AB6C-716A-4E0F-B5AE-1A2C68A27669}.Debug|Any CPU.ActiveCfg = Debug|Any CPU
		{9A32AB6C-716A-4E0F-B5AE-1A2C68A27669}.Debug|Any CPU.Build.0 = Debug|Any CPU
		{9A32AB6C-716A-4E0F-B5AE-1A2C68A27669}.Release|Any CPU.ActiveCfg = Release|Any CPU
		{9A32AB6C-716A-4E0F-B5AE-1A2C68A27669}.Release|Any CPU.Build.0 = Release|Any CPU
		{1E71962B-16C7-487A-BED3-0AA01344E0BF}.Debug|Any CPU.ActiveCfg = Debug|Any CPU
		{1E71962B-16C7-487A-BED3-0AA01344E0BF}.Debug|Any CPU.Build.0 = Debug|Any CPU
		{1E71962B-16C7-487A-BED3-0AA01344E0BF}.Release|Any CPU.ActiveCfg = Release|Any CPU
		{1E71962B-16C7-487A-BED3-0AA01344E0BF}.Release|Any CPU.Build.0 = Release|Any CPU
	EndGlobalSection
	GlobalSection(SolutionProperties) = preSolution
		HideSolutionNode = FALSE
	EndGlobalSection
	GlobalSection(NestedProjects) = preSolution
		{85891912-0A01-431F-AFF0-EFC3A83A5341} = {E290F10E-9D6B-4D52-B4A5-D52A21E10CF2}
		{7BA76CD2-3FAB-40DD-AB85-4ADB58229AD6} = {E290F10E-9D6B-4D52-B4A5-D52A21E10CF2}
		{4196DF05-A3EC-40BF-9A99-BAF9A80EB3B3} = {85891912-0A01-431F-AFF0-EFC3A83A5341}
		{F0ED25F4-8B94-4231-A1C8-6797CAD38D28} = {85891912-0A01-431F-AFF0-EFC3A83A5341}
		{20D0D858-69BD-4C1F-BB1D-F7CC9F0822DC} = {85891912-0A01-431F-AFF0-EFC3A83A5341}
		{2F382331-10C7-41CB-A2B8-89C3B4687DD0} = {85891912-0A01-431F-AFF0-EFC3A83A5341}
		{8A26A89D-D366-4D4A-AC84-1DBB58FCF711} = {7BA76CD2-3FAB-40DD-AB85-4ADB58229AD6}
		{4439B192-C6FA-4AB4-9564-E724DEC10B1C} = {7BA76CD2-3FAB-40DD-AB85-4ADB58229AD6}
		{42672CF2-3D8C-43A4-8999-2D87A9CEBDE7} = {7BA76CD2-3FAB-40DD-AB85-4ADB58229AD6}
		{B6E59CBF-63BE-4982-842D-17C63BEC1CF2} = {7BA76CD2-3FAB-40DD-AB85-4ADB58229AD6}
		{5F697C44-8BAC-4204-9D93-3AEC84278B52} = {7BA76CD2-3FAB-40DD-AB85-4ADB58229AD6}
		{193D44FE-70EA-4F84-BAB3-38E85439389F} = {5F697C44-8BAC-4204-9D93-3AEC84278B52}
		{1C582EC4-FB22-441D-BD70-893C95EB2259} = {5F697C44-8BAC-4204-9D93-3AEC84278B52}
		{9A32AB6C-716A-4E0F-B5AE-1A2C68A27669} = {5F697C44-8BAC-4204-9D93-3AEC84278B52}
		{1E71962B-16C7-487A-BED3-0AA01344E0BF} = {E290F10E-9D6B-4D52-B4A5-D52A21E10CF2}
	EndGlobalSection
	GlobalSection(ExtensibilityGlobals) = postSolution
		SolutionGuid = {E486F5AA-69D5-45A9-AE8A-C22B3E94BF74}
	EndGlobalSection
EndGlobal
