
Microsoft Visual Studio Solution File, Format Version 12.00
# Visual Studio Version 16
VisualStudioVersion = 16.0.30011.22
MinimumVisualStudioVersion = 10.0.40219.1
Project("{9A19103F-16F7-4668-BE54-9A1E7A4F7556}") = "MiniDDD", "MiniDDD\MiniDDD.csproj", "{EA8881A8-DC91-4100-B95E-4044C2A27AC9}"
EndProject
Project("{2150E333-8FDC-42A3-9474-1A3956D46DE8}") = "Sample", "Sample", "{E290F10E-9D6B-4D52-B4A5-D52A21E10CF2}"
EndProject
Project("{2150E333-8FDC-42A3-9474-1A3956D46DE8}") = "CQRS", "CQRS", "{85891912-0A01-431F-AFF0-EFC3A83A5341}"
EndProject
Project("{2150E333-8FDC-42A3-9474-1A3956D46DE8}") = "Simple", "Simple", "{7BA76CD2-3FAB-40DD-AB85-4ADB58229AD6}"
EndProject
Project("{9A19103F-16F7-4668-BE54-9A1E7A4F7556}") = "CQRS.Domain", "Sample\CQRS\Domain\CQRS.Domain.csproj", "{4196DF05-A3EC-40BF-9A99-BAF9A80EB3B3}"
EndProject
Project("{9A19103F-16F7-4668-BE54-9A1E7A4F7556}") = "CQRS.IServices", "Sample\CQRS\IServices\CQRS.IServices.csproj", "{F0ED25F4-8B94-4231-A1C8-6797CAD38D28}"
EndProject
Project("{9A19103F-16F7-4668-BE54-9A1E7A4F7556}") = "CQRS.Services", "Sample\CQRS\Services\CQRS.Services.csproj", "{20D0D858-69BD-4C1F-BB1D-F7CC9F0822DC}"
EndProject
Project("{9A19103F-16F7-4668-BE54-9A1E7A4F7556}") = "CQRS.Server", "Sample\CQRS\ConAppServer\CQRS.Server.csproj", "{2F382331-10C7-41CB-A2B8-89C3B4687DD0}"
EndProject
Project("{9A19103F-16F7-4668-BE54-9A1E7A4F7556}") = "Simple.Domain", "Sample\Simple\Domain\Simple.Domain.csproj", "{8A26A89D-D366-4D4A-AC84-1DBB58FCF711}"
EndProject
Project("{9A19103F-16F7-4668-BE54-9A1E7A4F7556}") = "Simple.IServices", "Sample\Simple\IServices\Simple.IServices.csproj", "{4439B192-C6FA-4AB4-9564-E724DEC10B1C}"
EndProject
Project("{9A19103F-16F7-4668-BE54-9A1E7A4F7556}") = "Simple.Services", "Sample\Simple\Services\Simple.Services.csproj", "{42672CF2-3D8C-43A4-8999-2D87A9CEBDE7}"
EndProject
Project("{2150E333-8FDC-42A3-9474-1A3956D46DE8}") = "Infrastruction", "Infrastruction", "{5F697C44-8BAC-4204-9D93-3AEC84278B52}"
EndProject
Project("{9A19103F-16F7-4668-BE54-9A1E7A4F7556}") = "Simple.Model", "Sample\Simple\Infrastruction\Model\Simple.Model.csproj", "{193D44FE-70EA-4F84-BAB3-38E85439389F}"
EndProject
Project("{9A19103F-16F7-4668-BE54-9A1E7A4F7556}") = "Simple.Repository.EF", "Sample\Simple\Infrastruction\Repository\EF\Simple.Repository.EF.csproj", "{1C582EC4-FB22-441D-BD70-893C95EB2259}"
EndProject
Project("{9A19103F-16F7-4668-BE54-9A1E7A4F7556}") = "Simple.Repository.SqlSugar", "Sample\Simple\Infrastruction\Repository\SqlSugar\Simple.Repository.SqlSugar.csproj", "{9A32AB6C-716A-4E0F-B5AE-1A2C68A27669}"
EndProject
Project("{9A19103F-16F7-4668-BE54-9A1E7A4F7556}") = "ApiGateway", "Sample\Simple\ApiGateway\ApiGateway.csproj", "{BB8EFB62-B041-404B-A406-01175B2523A0}"
EndProject
Project("{9A19103F-16F7-4668-BE54-9A1E7A4F7556}") = "Simple.Repository.Dapper", "Sample\Simple\Infrastruction\Repository\Simple.Repository.Dapper\Simple.Repository.Dapper.csproj", "{53A34563-9312-4F27-B0EC-BA0378CBE893}"
EndProject
Project("{FAE04EC0-301F-11D3-BF4B-00C04F79EFBC}") = "EasyUnitOfWork", "EasyUnitOfWork\EasyUnitOfWork.csproj", "{F67E2099-5E15-4F33-A50B-80E67ED22513}"
EndProject
Project("{FAE04EC0-301F-11D3-BF4B-00C04F79EFBC}") = "EasyUnitOfWork.DbCon", "EasyUnitOfWork.DbCon\EasyUnitOfWork.DbCon.csproj", "{39703AD1-E534-47F5-9AA8-0C4ED8B7E9A6}"
EndProject
Project("{FAE04EC0-301F-11D3-BF4B-00C04F79EFBC}") = "EasyUnitOfWork.EF", "EasyUnitOfWork.EF\EasyUnitOfWork.EF.csproj", "{C9C65A05-63D8-479B-9196-88546A59BBA9}"
EndProject
Project("{FAE04EC0-301F-11D3-BF4B-00C04F79EFBC}") = "EasyUnitOfWork.SqlSugar", "EasyUnitOfWork.SqlSugar\EasyUnitOfWork.SqlSugar.csproj", "{87FA3150-BCFE-485E-8221-7AC193726FFA}"
EndProject
Global
	GlobalSection(SolutionConfigurationPlatforms) = preSolution
		Debug|Any CPU = Debug|Any CPU
		Release|Any CPU = Release|Any CPU
	EndGlobalSection
	GlobalSection(ProjectConfigurationPlatforms) = postSolution
		{EA8881A8-DC91-4100-B95E-4044C2A27AC9}.Debug|Any CPU.ActiveCfg = Debug|Any CPU
		{EA8881A8-DC91-4100-B95E-4044C2A27AC9}.Debug|Any CPU.Build.0 = Debug|Any CPU
		{EA8881A8-DC91-4100-B95E-4044C2A27AC9}.Release|Any CPU.ActiveCfg = Release|Any CPU
		{EA8881A8-DC91-4100-B95E-4044C2A27AC9}.Release|Any CPU.Build.0 = Release|Any CPU
		{4196DF05-A3EC-40BF-9A99-BAF9A80EB3B3}.Debug|Any CPU.ActiveCfg = Debug|Any CPU
		{4196DF05-A3EC-40BF-9A99-BAF9A80EB3B3}.Debug|Any CPU.Build.0 = Debug|Any CPU
		{4196DF05-A3EC-40BF-9A99-BAF9A80EB3B3}.Release|Any CPU.ActiveCfg = Release|Any CPU
		{4196DF05-A3EC-40BF-9A99-BAF9A80EB3B3}.Release|Any CPU.Build.0 = Release|Any CPU
		{F0ED25F4-8B94-4231-A1C8-6797CAD38D28}.Debug|Any CPU.ActiveCfg = Debug|Any CPU
		{F0ED25F4-8B94-4231-A1C8-6797CAD38D28}.Debug|Any CPU.Build.0 = Debug|Any CPU
		{F0ED25F4-8B94-4231-A1C8-6797CAD38D28}.Release|Any CPU.ActiveCfg = Release|Any CPU
		{F0ED25F4-8B94-4231-A1C8-6797CAD38D28}.Release|Any CPU.Build.0 = Release|Any CPU
		{20D0D858-69BD-4C1F-BB1D-F7CC9F0822DC}.Debug|Any CPU.ActiveCfg = Debug|Any CPU
		{20D0D858-69BD-4C1F-BB1D-F7CC9F0822DC}.Debug|Any CPU.Build.0 = Debug|Any CPU
		{20D0D858-69BD-4C1F-BB1D-F7CC9F0822DC}.Release|Any CPU.ActiveCfg = Release|Any CPU
		{20D0D858-69BD-4C1F-BB1D-F7CC9F0822DC}.Release|Any CPU.Build.0 = Release|Any CPU
		{2F382331-10C7-41CB-A2B8-89C3B4687DD0}.Debug|Any CPU.ActiveCfg = Debug|Any CPU
		{2F382331-10C7-41CB-A2B8-89C3B4687DD0}.Debug|Any CPU.Build.0 = Debug|Any CPU
		{2F382331-10C7-41CB-A2B8-89C3B4687DD0}.Release|Any CPU.ActiveCfg = Release|Any CPU
		{2F382331-10C7-41CB-A2B8-89C3B4687DD0}.Release|Any CPU.Build.0 = Release|Any CPU
		{8A26A89D-D366-4D4A-AC84-1DBB58FCF711}.Debug|Any CPU.ActiveCfg = Debug|Any CPU
		{8A26A89D-D366-4D4A-AC84-1DBB58FCF711}.Debug|Any CPU.Build.0 = Debug|Any CPU
		{8A26A89D-D366-4D4A-AC84-1DBB58FCF711}.Release|Any CPU.ActiveCfg = Release|Any CPU
		{8A26A89D-D366-4D4A-AC84-1DBB58FCF711}.Release|Any CPU.Build.0 = Release|Any CPU
		{4439B192-C6FA-4AB4-9564-E724DEC10B1C}.Debug|Any CPU.ActiveCfg = Debug|Any CPU
		{4439B192-C6FA-4AB4-9564-E724DEC10B1C}.Debug|Any CPU.Build.0 = Debug|Any CPU
		{4439B192-C6FA-4AB4-9564-E724DEC10B1C}.Release|Any CPU.ActiveCfg = Release|Any CPU
		{4439B192-C6FA-4AB4-9564-E724DEC10B1C}.Release|Any CPU.Build.0 = Release|Any CPU
		{42672CF2-3D8C-43A4-8999-2D87A9CEBDE7}.Debug|Any CPU.ActiveCfg = Debug|Any CPU
		{42672CF2-3D8C-43A4-8999-2D87A9CEBDE7}.Debug|Any CPU.Build.0 = Debug|Any CPU
		{42672CF2-3D8C-43A4-8999-2D87A9CEBDE7}.Release|Any CPU.ActiveCfg = Release|Any CPU
		{42672CF2-3D8C-43A4-8999-2D87A9CEBDE7}.Release|Any CPU.Build.0 = Release|Any CPU
		{193D44FE-70EA-4F84-BAB3-38E85439389F}.Debug|Any CPU.ActiveCfg = Debug|Any CPU
		{193D44FE-70EA-4F84-BAB3-38E85439389F}.Debug|Any CPU.Build.0 = Debug|Any CPU
		{193D44FE-70EA-4F84-BAB3-38E85439389F}.Release|Any CPU.ActiveCfg = Release|Any CPU
		{193D44FE-70EA-4F84-BAB3-38E85439389F}.Release|Any CPU.Build.0 = Release|Any CPU
		{1C582EC4-FB22-441D-BD70-893C95EB2259}.Debug|Any CPU.ActiveCfg = Debug|Any CPU
		{1C582EC4-FB22-441D-BD70-893C95EB2259}.Debug|Any CPU.Build.0 = Debug|Any CPU
		{1C582EC4-FB22-441D-BD70-893C95EB2259}.Release|Any CPU.ActiveCfg = Release|Any CPU
		{1C582EC4-FB22-441D-BD70-893C95EB2259}.Release|Any CPU.Build.0 = Release|Any CPU
		{9A32AB6C-716A-4E0F-B5AE-1A2C68A27669}.Debug|Any CPU.ActiveCfg = Debug|Any CPU
		{9A32AB6C-716A-4E0F-B5AE-1A2C68A27669}.Debug|Any CPU.Build.0 = Debug|Any CPU
		{9A32AB6C-716A-4E0F-B5AE-1A2C68A27669}.Release|Any CPU.ActiveCfg = Release|Any CPU
		{9A32AB6C-716A-4E0F-B5AE-1A2C68A27669}.Release|Any CPU.Build.0 = Release|Any CPU
		{BB8EFB62-B041-404B-A406-01175B2523A0}.Debug|Any CPU.ActiveCfg = Debug|Any CPU
		{BB8EFB62-B041-404B-A406-01175B2523A0}.Debug|Any CPU.Build.0 = Debug|Any CPU
		{BB8EFB62-B041-404B-A406-01175B2523A0}.Release|Any CPU.ActiveCfg = Release|Any CPU
		{BB8EFB62-B041-404B-A406-01175B2523A0}.Release|Any CPU.Build.0 = Release|Any CPU
		{53A34563-9312-4F27-B0EC-BA0378CBE893}.Debug|Any CPU.ActiveCfg = Debug|Any CPU
		{53A34563-9312-4F27-B0EC-BA0378CBE893}.Debug|Any CPU.Build.0 = Debug|Any CPU
		{53A34563-9312-4F27-B0EC-BA0378CBE893}.Release|Any CPU.ActiveCfg = Release|Any CPU
		{53A34563-9312-4F27-B0EC-BA0378CBE893}.Release|Any CPU.Build.0 = Release|Any CPU
		{F67E2099-5E15-4F33-A50B-80E67ED22513}.Debug|Any CPU.ActiveCfg = Debug|Any CPU
		{F67E2099-5E15-4F33-A50B-80E67ED22513}.Debug|Any CPU.Build.0 = Debug|Any CPU
		{F67E2099-5E15-4F33-A50B-80E67ED22513}.Release|Any CPU.ActiveCfg = Release|Any CPU
		{F67E2099-5E15-4F33-A50B-80E67ED22513}.Release|Any CPU.Build.0 = Release|Any CPU
		{39703AD1-E534-47F5-9AA8-0C4ED8B7E9A6}.Debug|Any CPU.ActiveCfg = Debug|Any CPU
		{39703AD1-E534-47F5-9AA8-0C4ED8B7E9A6}.Debug|Any CPU.Build.0 = Debug|Any CPU
		{39703AD1-E534-47F5-9AA8-0C4ED8B7E9A6}.Release|Any CPU.ActiveCfg = Release|Any CPU
		{39703AD1-E534-47F5-9AA8-0C4ED8B7E9A6}.Release|Any CPU.Build.0 = Release|Any CPU
		{C9C65A05-63D8-479B-9196-88546A59BBA9}.Debug|Any CPU.ActiveCfg = Debug|Any CPU
		{C9C65A05-63D8-479B-9196-88546A59BBA9}.Debug|Any CPU.Build.0 = Debug|Any CPU
		{C9C65A05-63D8-479B-9196-88546A59BBA9}.Release|Any CPU.ActiveCfg = Release|Any CPU
		{C9C65A05-63D8-479B-9196-88546A59BBA9}.Release|Any CPU.Build.0 = Release|Any CPU
		{87FA3150-BCFE-485E-8221-7AC193726FFA}.Debug|Any CPU.ActiveCfg = Debug|Any CPU
		{87FA3150-BCFE-485E-8221-7AC193726FFA}.Debug|Any CPU.Build.0 = Debug|Any CPU
		{87FA3150-BCFE-485E-8221-7AC193726FFA}.Release|Any CPU.ActiveCfg = Release|Any CPU
		{87FA3150-BCFE-485E-8221-7AC193726FFA}.Release|Any CPU.Build.0 = Release|Any CPU
	EndGlobalSection
	GlobalSection(SolutionProperties) = preSolution
		HideSolutionNode = FALSE
	EndGlobalSection
	GlobalSection(NestedProjects) = preSolution
		{85891912-0A01-431F-AFF0-EFC3A83A5341} = {E290F10E-9D6B-4D52-B4A5-D52A21E10CF2}
		{7BA76CD2-3FAB-40DD-AB85-4ADB58229AD6} = {E290F10E-9D6B-4D52-B4A5-D52A21E10CF2}
		{4196DF05-A3EC-40BF-9A99-BAF9A80EB3B3} = {85891912-0A01-431F-AFF0-EFC3A83A5341}
		{F0ED25F4-8B94-4231-A1C8-6797CAD38D28} = {85891912-0A01-431F-AFF0-EFC3A83A5341}
		{20D0D858-69BD-4C1F-BB1D-F7CC9F0822DC} = {85891912-0A01-431F-AFF0-EFC3A83A5341}
		{2F382331-10C7-41CB-A2B8-89C3B4687DD0} = {85891912-0A01-431F-AFF0-EFC3A83A5341}
		{8A26A89D-D366-4D4A-AC84-1DBB58FCF711} = {7BA76CD2-3FAB-40DD-AB85-4ADB58229AD6}
		{4439B192-C6FA-4AB4-9564-E724DEC10B1C} = {7BA76CD2-3FAB-40DD-AB85-4ADB58229AD6}
		{42672CF2-3D8C-43A4-8999-2D87A9CEBDE7} = {7BA76CD2-3FAB-40DD-AB85-4ADB58229AD6}
		{5F697C44-8BAC-4204-9D93-3AEC84278B52} = {7BA76CD2-3FAB-40DD-AB85-4ADB58229AD6}
		{193D44FE-70EA-4F84-BAB3-38E85439389F} = {5F697C44-8BAC-4204-9D93-3AEC84278B52}
		{1C582EC4-FB22-441D-BD70-893C95EB2259} = {5F697C44-8BAC-4204-9D93-3AEC84278B52}
		{9A32AB6C-716A-4E0F-B5AE-1A2C68A27669} = {5F697C44-8BAC-4204-9D93-3AEC84278B52}
		{BB8EFB62-B041-404B-A406-01175B2523A0} = {7BA76CD2-3FAB-40DD-AB85-4ADB58229AD6}
		{53A34563-9312-4F27-B0EC-BA0378CBE893} = {5F697C44-8BAC-4204-9D93-3AEC84278B52}
	EndGlobalSection
	GlobalSection(ExtensibilityGlobals) = postSolution
		SolutionGuid = {E486F5AA-69D5-45A9-AE8A-C22B3E94BF74}
	EndGlobalSection
EndGlobal
